
Microsoft Visual Studio Solution File, Format Version 12.00
# Visual Studio Version 16
VisualStudioVersion = 16.0.30204.135
MinimumVisualStudioVersion = 10.0.40219.1
Project("{FAE04EC0-301F-11D3-BF4B-00C04F79EFBC}") = "XF_InstagramMini.UWP", "XF_InstagramMini\XF_InstagramMini.UWP\XF_InstagramMini.UWP.csproj", "{91C84B34-E203-4C42-89F0-AAD4606280D9}"
EndProject
Project("{FAE04EC0-301F-11D3-BF4B-00C04F79EFBC}") = "XF_InstagramMini.Android", "XF_InstagramMini\XF_InstagramMini.Android\XF_InstagramMini.Android.csproj", "{93EDC1EA-E128-4B03-8D78-820966216356}"
EndProject
Project("{FAE04EC0-301F-11D3-BF4B-00C04F79EFBC}") = "XF_InstagramMini.iOS", "XF_InstagramMini\XF_InstagramMini.iOS\XF_InstagramMini.iOS.csproj", "{16D3198E-B127-442D-9D6A-49D8BE865028}"
EndProject
Project("{FAE04EC0-301F-11D3-BF4B-00C04F79EFBC}") = "XF_InstagramMini", "XF_InstagramMini\XF_InstagramMini\XF_InstagramMini.csproj", "{8F8F713C-D2E0-478B-A05A-7952BEC03DE7}"
EndProject
Global
	GlobalSection(SolutionConfigurationPlatforms) = preSolution
		Debug|Any CPU = Debug|Any CPU
		Debug|ARM = Debug|ARM
		Debug|iPhone = Debug|iPhone
		Debug|iPhoneSimulator = Debug|iPhoneSimulator
		Debug|x64 = Debug|x64
		Debug|x86 = Debug|x86
		Release|Any CPU = Release|Any CPU
		Release|ARM = Release|ARM
		Release|iPhone = Release|iPhone
		Release|iPhoneSimulator = Release|iPhoneSimulator
		Release|x64 = Release|x64
		Release|x86 = Release|x86
	EndGlobalSection
	GlobalSection(ProjectConfigurationPlatforms) = postSolution
		{91C84B34-E203-4C42-89F0-AAD4606280D9}.Debug|Any CPU.ActiveCfg = Debug|x86
		{91C84B34-E203-4C42-89F0-AAD4606280D9}.Debug|Any CPU.Build.0 = Debug|x86
		{91C84B34-E203-4C42-89F0-AAD4606280D9}.Debug|Any CPU.Deploy.0 = Debug|x86
		{91C84B34-E203-4C42-89F0-AAD4606280D9}.Debug|ARM.ActiveCfg = Debug|ARM
		{91C84B34-E203-4C42-89F0-AAD4606280D9}.Debug|ARM.Build.0 = Debug|ARM
		{91C84B34-E203-4C42-89F0-AAD4606280D9}.Debug|ARM.Deploy.0 = Debug|ARM
		{91C84B34-E203-4C42-89F0-AAD4606280D9}.Debug|iPhone.ActiveCfg = Debug|x86
		{91C84B34-E203-4C42-89F0-AAD4606280D9}.Debug|iPhone.Build.0 = Debug|x86
		{91C84B34-E203-4C42-89F0-AAD4606280D9}.Debug|iPhone.Deploy.0 = Debug|x86
		{91C84B34-E203-4C42-89F0-AAD4606280D9}.Debug|iPhoneSimulator.ActiveCfg = Debug|x86
		{91C84B34-E203-4C42-89F0-AAD4606280D9}.Debug|iPhoneSimulator.Build.0 = Debug|x86
		{91C84B34-E203-4C42-89F0-AAD4606280D9}.Debug|iPhoneSimulator.Deploy.0 = Debug|x86
		{91C84B34-E203-4C42-89F0-AAD4606280D9}.Debug|x64.ActiveCfg = Debug|x64
		{91C84B34-E203-4C42-89F0-AAD4606280D9}.Debug|x64.Build.0 = Debug|x64
		{91C84B34-E203-4C42-89F0-AAD4606280D9}.Debug|x64.Deploy.0 = Debug|x64
		{91C84B34-E203-4C42-89F0-AAD4606280D9}.Debug|x86.ActiveCfg = Debug|x86
		{91C84B34-E203-4C42-89F0-AAD4606280D9}.Debug|x86.Build.0 = Debug|x86
		{91C84B34-E203-4C42-89F0-AAD4606280D9}.Debug|x86.Deploy.0 = Debug|x86
		{91C84B34-E203-4C42-89F0-AAD4606280D9}.Release|Any CPU.ActiveCfg = Release|x86
		{91C84B34-E203-4C42-89F0-AAD4606280D9}.Release|Any CPU.Build.0 = Release|x86
		{91C84B34-E203-4C42-89F0-AAD4606280D9}.Release|Any CPU.Deploy.0 = Release|x86
		{91C84B34-E203-4C42-89F0-AAD4606280D9}.Release|ARM.ActiveCfg = Release|ARM
		{91C84B34-E203-4C42-89F0-AAD4606280D9}.Release|ARM.Build.0 = Release|ARM
		{91C84B34-E203-4C42-89F0-AAD4606280D9}.Release|ARM.Deploy.0 = Release|ARM
		{91C84B34-E203-4C42-89F0-AAD4606280D9}.Release|iPhone.ActiveCfg = Release|x86
		{91C84B34-E203-4C42-89F0-AAD4606280D9}.Release|iPhone.Build.0 = Release|x86
		{91C84B34-E203-4C42-89F0-AAD4606280D9}.Release|iPhone.Deploy.0 = Release|x86
		{91C84B34-E203-4C42-89F0-AAD4606280D9}.Release|iPhoneSimulator.ActiveCfg = Release|x86
		{91C84B34-E203-4C42-89F0-AAD4606280D9}.Release|iPhoneSimulator.Build.0 = Release|x86
		{91C84B34-E203-4C42-89F0-AAD4606280D9}.Release|iPhoneSimulator.Deploy.0 = Release|x86
		{91C84B34-E203-4C42-89F0-AAD4606280D9}.Release|x64.ActiveCfg = Release|x64
		{91C84B34-E203-4C42-89F0-AAD4606280D9}.Release|x64.Build.0 = Release|x64
		{91C84B34-E203-4C42-89F0-AAD4606280D9}.Release|x64.Deploy.0 = Release|x64
		{91C84B34-E203-4C42-89F0-AAD4606280D9}.Release|x86.ActiveCfg = Release|x86
		{91C84B34-E203-4C42-89F0-AAD4606280D9}.Release|x86.Build.0 = Release|x86
		{91C84B34-E203-4C42-89F0-AAD4606280D9}.Release|x86.Deploy.0 = Release|x86
		{93EDC1EA-E128-4B03-8D78-820966216356}.Debug|Any CPU.ActiveCfg = Debug|Any CPU
		{93EDC1EA-E128-4B03-8D78-820966216356}.Debug|Any CPU.Build.0 = Debug|Any CPU
		{93EDC1EA-E128-4B03-8D78-820966216356}.Debug|Any CPU.Deploy.0 = Debug|Any CPU
		{93EDC1EA-E128-4B03-8D78-820966216356}.Debug|ARM.ActiveCfg = Debug|Any CPU
		{93EDC1EA-E128-4B03-8D78-820966216356}.Debug|ARM.Build.0 = Debug|Any CPU
		{93EDC1EA-E128-4B03-8D78-820966216356}.Debug|ARM.Deploy.0 = Debug|Any CPU
		{93EDC1EA-E128-4B03-8D78-820966216356}.Debug|iPhone.ActiveCfg = Debug|Any CPU
		{93EDC1EA-E128-4B03-8D78-820966216356}.Debug|iPhone.Build.0 = Debug|Any CPU
		{93EDC1EA-E128-4B03-8D78-820966216356}.Debug|iPhone.Deploy.0 = Debug|Any CPU
		{93EDC1EA-E128-4B03-8D78-820966216356}.Debug|iPhoneSimulator.ActiveCfg = Debug|Any CPU
		{93EDC1EA-E128-4B03-8D78-820966216356}.Debug|iPhoneSimulator.Build.0 = Debug|Any CPU
		{93EDC1EA-E128-4B03-8D78-820966216356}.Debug|iPhoneSimulator.Deploy.0 = Debug|Any CPU
		{93EDC1EA-E128-4B03-8D78-820966216356}.Debug|x64.ActiveCfg = Debug|Any CPU
		{93EDC1EA-E128-4B03-8D78-820966216356}.Debug|x64.Build.0 = Debug|Any CPU
		{93EDC1EA-E128-4B03-8D78-820966216356}.Debug|x64.Deploy.0 = Debug|Any CPU
		{93EDC1EA-E128-4B03-8D78-820966216356}.Debug|x86.ActiveCfg = Debug|Any CPU
		{93EDC1EA-E128-4B03-8D78-820966216356}.Debug|x86.Build.0 = Debug|Any CPU
		{93EDC1EA-E128-4B03-8D78-820966216356}.Debug|x86.Deploy.0 = Debug|Any CPU
		{93EDC1EA-E128-4B03-8D78-820966216356}.Release|Any CPU.ActiveCfg = Release|Any CPU
		{93EDC1EA-E128-4B03-8D78-820966216356}.Release|Any CPU.Build.0 = Release|Any CPU
		{93EDC1EA-E128-4B03-8D78-820966216356}.Release|Any CPU.Deploy.0 = Release|Any CPU
		{93EDC1EA-E128-4B03-8D78-820966216356}.Release|ARM.ActiveCfg = Release|Any CPU
		{93EDC1EA-E128-4B03-8D78-820966216356}.Release|ARM.Build.0 = Release|Any CPU
		{93EDC1EA-E128-4B03-8D78-820966216356}.Release|ARM.Deploy.0 = Release|Any CPU
		{93EDC1EA-E128-4B03-8D78-820966216356}.Release|iPhone.ActiveCfg = Release|Any CPU
		{93EDC1EA-E128-4B03-8D78-820966216356}.Release|iPhone.Build.0 = Release|Any CPU
		{93EDC1EA-E128-4B03-8D78-820966216356}.Release|iPhone.Deploy.0 = Release|Any CPU
		{93EDC1EA-E128-4B03-8D78-820966216356}.Release|iPhoneSimulator.ActiveCfg = Release|Any CPU
		{93EDC1EA-E128-4B03-8D78-820966216356}.Release|iPhoneSimulator.Build.0 = Release|Any CPU
		{93EDC1EA-E128-4B03-8D78-820966216356}.Release|iPhoneSimulator.Deploy.0 = Release|Any CPU
		{93EDC1EA-E128-4B03-8D78-820966216356}.Release|x64.ActiveCfg = Release|Any CPU
		{93EDC1EA-E128-4B03-8D78-820966216356}.Release|x64.Build.0 = Release|Any CPU
		{93EDC1EA-E128-4B03-8D78-820966216356}.Release|x64.Deploy.0 = Release|Any CPU
		{93EDC1EA-E128-4B03-8D78-820966216356}.Release|x86.ActiveCfg = Release|Any CPU
		{93EDC1EA-E128-4B03-8D78-820966216356}.Release|x86.Build.0 = Release|Any CPU
		{93EDC1EA-E128-4B03-8D78-820966216356}.Release|x86.Deploy.0 = Release|Any CPU
		{16D3198E-B127-442D-9D6A-49D8BE865028}.Debug|Any CPU.ActiveCfg = Debug|iPhone
		{16D3198E-B127-442D-9D6A-49D8BE865028}.Debug|Any CPU.Build.0 = Debug|iPhone
		{16D3198E-B127-442D-9D6A-49D8BE865028}.Debug|Any CPU.Deploy.0 = Debug|iPhone
		{16D3198E-B127-442D-9D6A-49D8BE865028}.Debug|ARM.ActiveCfg = Debug|iPhone
		{16D3198E-B127-442D-9D6A-49D8BE865028}.Debug|ARM.Build.0 = Debug|iPhone
		{16D3198E-B127-442D-9D6A-49D8BE865028}.Debug|ARM.Deploy.0 = Debug|iPhone
		{16D3198E-B127-442D-9D6A-49D8BE865028}.Debug|iPhone.ActiveCfg = Debug|iPhone
		{16D3198E-B127-442D-9D6A-49D8BE865028}.Debug|iPhone.Build.0 = Debug|iPhone
		{16D3198E-B127-442D-9D6A-49D8BE865028}.Debug|iPhone.Deploy.0 = Debug|iPhone
		{16D3198E-B127-442D-9D6A-49D8BE865028}.Debug|iPhoneSimulator.ActiveCfg = Debug|iPhoneSimulator
		{16D3198E-B127-442D-9D6A-49D8BE865028}.Debug|iPhoneSimulator.Build.0 = Debug|iPhoneSimulator
		{16D3198E-B127-442D-9D6A-49D8BE865028}.Debug|iPhoneSimulator.Deploy.0 = Debug|iPhoneSimulator
		{16D3198E-B127-442D-9D6A-49D8BE865028}.Debug|x64.ActiveCfg = Debug|iPhone
		{16D3198E-B127-442D-9D6A-49D8BE865028}.Debug|x64.Build.0 = Debug|iPhone
		{16D3198E-B127-442D-9D6A-49D8BE865028}.Debug|x64.Deploy.0 = Debug|iPhone
		{16D3198E-B127-442D-9D6A-49D8BE865028}.Debug|x86.ActiveCfg = Debug|iPhone
		{16D3198E-B127-442D-9D6A-49D8BE865028}.Debug|x86.Build.0 = Debug|iPhone
		{16D3198E-B127-442D-9D6A-49D8BE865028}.Debug|x86.Deploy.0 = Debug|iPhone
		{16D3198E-B127-442D-9D6A-49D8BE865028}.Release|Any CPU.ActiveCfg = Release|iPhone
		{16D3198E-B127-442D-9D6A-49D8BE865028}.Release|Any CPU.Build.0 = Release|iPhone
		{16D3198E-B127-442D-9D6A-49D8BE865028}.Release|Any CPU.Deploy.0 = Release|iPhone
		{16D3198E-B127-442D-9D6A-49D8BE865028}.Release|ARM.ActiveCfg = Release|iPhone
		{16D3198E-B127-442D-9D6A-49D8BE865028}.Release|ARM.Build.0 = Release|iPhone
		{16D3198E-B127-442D-9D6A-49D8BE865028}.Release|ARM.Deploy.0 = Release|iPhone
		{16D3198E-B127-442D-9D6A-49D8BE865028}.Release|iPhone.ActiveCfg = Release|iPhone
		{16D3198E-B127-442D-9D6A-49D8BE865028}.Release|iPhone.Build.0 = Release|iPhone
		{16D3198E-B127-442D-9D6A-49D8BE865028}.Release|iPhone.Deploy.0 = Release|iPhone
		{16D3198E-B127-442D-9D6A-49D8BE865028}.Release|iPhoneSimulator.ActiveCfg = Release|iPhoneSimulator
		{16D3198E-B127-442D-9D6A-49D8BE865028}.Release|iPhoneSimulator.Build.0 = Release|iPhoneSimulator
		{16D3198E-B127-442D-9D6A-49D8BE865028}.Release|iPhoneSimulator.Deploy.0 = Release|iPhoneSimulator
		{16D3198E-B127-442D-9D6A-49D8BE865028}.Release|x64.ActiveCfg = Release|iPhone
		{16D3198E-B127-442D-9D6A-49D8BE865028}.Release|x64.Build.0 = Release|iPhone
		{16D3198E-B127-442D-9D6A-49D8BE865028}.Release|x64.Deploy.0 = Release|iPhone
		{16D3198E-B127-442D-9D6A-49D8BE865028}.Release|x86.ActiveCfg = Release|iPhone
		{16D3198E-B127-442D-9D6A-49D8BE865028}.Release|x86.Build.0 = Release|iPhone
		{16D3198E-B127-442D-9D6A-49D8BE865028}.Release|x86.Deploy.0 = Release|iPhone
		{8F8F713C-D2E0-478B-A05A-7952BEC03DE7}.Debug|Any CPU.ActiveCfg = Debug|Any CPU
		{8F8F713C-D2E0-478B-A05A-7952BEC03DE7}.Debug|Any CPU.Build.0 = Debug|Any CPU
		{8F8F713C-D2E0-478B-A05A-7952BEC03DE7}.Debug|Any CPU.Deploy.0 = Debug|Any CPU
		{8F8F713C-D2E0-478B-A05A-7952BEC03DE7}.Debug|ARM.ActiveCfg = Debug|Any CPU
		{8F8F713C-D2E0-478B-A05A-7952BEC03DE7}.Debug|ARM.Build.0 = Debug|Any CPU
		{8F8F713C-D2E0-478B-A05A-7952BEC03DE7}.Debug|ARM.Deploy.0 = Debug|Any CPU
		{8F8F713C-D2E0-478B-A05A-7952BEC03DE7}.Debug|iPhone.ActiveCfg = Debug|Any CPU
		{8F8F713C-D2E0-478B-A05A-7952BEC03DE7}.Debug|iPhone.Build.0 = Debug|Any CPU
		{8F8F713C-D2E0-478B-A05A-7952BEC03DE7}.Debug|iPhone.Deploy.0 = Debug|Any CPU
		{8F8F713C-D2E0-478B-A05A-7952BEC03DE7}.Debug|iPhoneSimulator.ActiveCfg = Debug|Any CPU
		{8F8F713C-D2E0-478B-A05A-7952BEC03DE7}.Debug|iPhoneSimulator.Build.0 = Debug|Any CPU
		{8F8F713C-D2E0-478B-A05A-7952BEC03DE7}.Debug|iPhoneSimulator.Deploy.0 = Debug|Any CPU
		{8F8F713C-D2E0-478B-A05A-7952BEC03DE7}.Debug|x64.ActiveCfg = Debug|Any CPU
		{8F8F713C-D2E0-478B-A05A-7952BEC03DE7}.Debug|x64.Build.0 = Debug|Any CPU
		{8F8F713C-D2E0-478B-A05A-7952BEC03DE7}.Debug|x64.Deploy.0 = Debug|Any CPU
		{8F8F713C-D2E0-478B-A05A-7952BEC03DE7}.Debug|x86.ActiveCfg = Debug|Any CPU
		{8F8F713C-D2E0-478B-A05A-7952BEC03DE7}.Debug|x86.Build.0 = Debug|Any CPU
		{8F8F713C-D2E0-478B-A05A-7952BEC03DE7}.Debug|x86.Deploy.0 = Debug|Any CPU
		{8F8F713C-D2E0-478B-A05A-7952BEC03DE7}.Release|Any CPU.ActiveCfg = Release|Any CPU
		{8F8F713C-D2E0-478B-A05A-7952BEC03DE7}.Release|Any CPU.Build.0 = Release|Any CPU
		{8F8F713C-D2E0-478B-A05A-7952BEC03DE7}.Release|Any CPU.Deploy.0 = Release|Any CPU
		{8F8F713C-D2E0-478B-A05A-7952BEC03DE7}.Release|ARM.ActiveCfg = Release|Any CPU
		{8F8F713C-D2E0-478B-A05A-7952BEC03DE7}.Release|ARM.Build.0 = Release|Any CPU
		{8F8F713C-D2E0-478B-A05A-7952BEC03DE7}.Release|ARM.Deploy.0 = Release|Any CPU
		{8F8F713C-D2E0-478B-A05A-7952BEC03DE7}.Release|iPhone.ActiveCfg = Release|Any CPU
		{8F8F713C-D2E0-478B-A05A-7952BEC03DE7}.Release|iPhone.Build.0 = Release|Any CPU
		{8F8F713C-D2E0-478B-A05A-7952BEC03DE7}.Release|iPhone.Deploy.0 = Release|Any CPU
		{8F8F713C-D2E0-478B-A05A-7952BEC03DE7}.Release|iPhoneSimulator.ActiveCfg = Release|Any CPU
		{8F8F713C-D2E0-478B-A05A-7952BEC03DE7}.Release|iPhoneSimulator.Build.0 = Release|Any CPU
		{8F8F713C-D2E0-478B-A05A-7952BEC03DE7}.Release|iPhoneSimulator.Deploy.0 = Release|Any CPU
		{8F8F713C-D2E0-478B-A05A-7952BEC03DE7}.Release|x64.ActiveCfg = Release|Any CPU
		{8F8F713C-D2E0-478B-A05A-7952BEC03DE7}.Release|x64.Build.0 = Release|Any CPU
		{8F8F713C-D2E0-478B-A05A-7952BEC03DE7}.Release|x64.Deploy.0 = Release|Any CPU
		{8F8F713C-D2E0-478B-A05A-7952BEC03DE7}.Release|x86.ActiveCfg = Release|Any CPU
		{8F8F713C-D2E0-478B-A05A-7952BEC03DE7}.Release|x86.Build.0 = Release|Any CPU
		{8F8F713C-D2E0-478B-A05A-7952BEC03DE7}.Release|x86.Deploy.0 = Release|Any CPU
	EndGlobalSection
	GlobalSection(SolutionProperties) = preSolution
		HideSolutionNode = FALSE
	EndGlobalSection
	GlobalSection(ExtensibilityGlobals) = postSolution
		SolutionGuid = {88753E36-8155-4FB4-BB16-27D347BEFF4B}
	EndGlobalSection
EndGlobal
